
Microsoft Visual Studio Solution File, Format Version 12.00
# Visual Studio 15
VisualStudioVersion = 15.0.28307.168
MinimumVisualStudioVersion = 10.0.40219.1
Project("{FAE04EC0-301F-11D3-BF4B-00C04F79EFBC}") = "Job_Doc_Organizer", "Job_Doc_Organizer\Job_Doc_Organizer.csproj", "{EA9ED1B4-67A8-41B2-B6F4-E51A4C5BFB3C}"
EndProject
Global
	GlobalSection(SolutionConfigurationPlatforms) = preSolution
		Debug|Any CPU = Debug|Any CPU
		Release|Any CPU = Release|Any CPU
	EndGlobalSection
	GlobalSection(ProjectConfigurationPlatforms) = postSolution
		{EA9ED1B4-67A8-41B2-B6F4-E51A4C5BFB3C}.Debug|Any CPU.ActiveCfg = Debug|Any CPU
		{EA9ED1B4-67A8-41B2-B6F4-E51A4C5BFB3C}.Debug|Any CPU.Build.0 = Debug|Any CPU
		{EA9ED1B4-67A8-41B2-B6F4-E51A4C5BFB3C}.Release|Any CPU.ActiveCfg = Release|Any CPU
		{EA9ED1B4-67A8-41B2-B6F4-E51A4C5BFB3C}.Release|Any CPU.Build.0 = Release|Any CPU
	EndGlobalSection
	GlobalSection(SolutionProperties) = preSolution
		HideSolutionNode = FALSE
	EndGlobalSection
	GlobalSection(ExtensibilityGlobals) = postSolution
		SolutionGuid = {613E3E7D-9BE7-4A53-9C85-EB812A3A391E}
	EndGlobalSection
EndGlobal
